
Microsoft Visual Studio Solution File, Format Version 12.00
# Visual Studio Version 17
VisualStudioVersion = 17.10.35004.147
MinimumVisualStudioVersion = 10.0.40219.1
Project("{FAE04EC0-301F-11D3-BF4B-00C04F79EFBC}") = "AplikasiPenggajianSederhana", "AplikasiPenggajianSederhana.csproj", "{47F8E163-119A-4D4F-A542-3CF19F292EFF}"
EndProject
Global
	GlobalSection(SolutionConfigurationPlatforms) = preSolution
		Debug|Any CPU = Debug|Any CPU
		Release|Any CPU = Release|Any CPU
	EndGlobalSection
	GlobalSection(ProjectConfigurationPlatforms) = postSolution
		{47F8E163-119A-4D4F-A542-3CF19F292EFF}.Debug|Any CPU.ActiveCfg = Debug|Any CPU
		{47F8E163-119A-4D4F-A542-3CF19F292EFF}.Debug|Any CPU.Build.0 = Debug|Any CPU
		{47F8E163-119A-4D4F-A542-3CF19F292EFF}.Release|Any CPU.ActiveCfg = Release|Any CPU
		{47F8E163-119A-4D4F-A542-3CF19F292EFF}.Release|Any CPU.Build.0 = Release|Any CPU
	EndGlobalSection
	GlobalSection(SolutionProperties) = preSolution
		HideSolutionNode = FALSE
	EndGlobalSection
	GlobalSection(ExtensibilityGlobals) = postSolution
		SolutionGuid = {35A97976-4DC3-4D31-AFEB-5DD2505ED35B}
	EndGlobalSection
EndGlobal
